// !$*UTF8*$!
{
	archiveVersion = 1;
	classes = {
	};
	objectVersion = 77;
	objects = {

/* Begin PBXContainerItemProxy section */
		9A1E74F82E0FC48100E4D059 /* PBXContainerItemProxy */ = {
			isa = PBXContainerItemProxy;
			containerPortal = 9A1E74E22E0FC47F00E4D059 /* Project object */;
			proxyType = 1;
			remoteGlobalIDString = 9A1E74E92E0FC47F00E4D059;
			remoteInfo = "Pendulum-Clock";
		};
		9A1E75022E0FC48100E4D059 /* PBXContainerItemProxy */ = {
			isa = PBXContainerItemProxy;
			containerPortal = 9A1E74E22E0FC47F00E4D059 /* Project object */;
			proxyType = 1;
			remoteGlobalIDString = 9A1E74E92E0FC47F00E4D059;
			remoteInfo = "Pendulum-Clock";
		};
/* End PBXContainerItemProxy section */

/* Begin PBXFileReference section */
		9A1E74EA2E0FC47F00E4D059 /* Pendulum-Clock.app */ = {isa = PBXFileReference; explicitFileType = wrapper.application; includeInIndex = 0; path = "Pendulum-Clock.app"; sourceTree = BUILT_PRODUCTS_DIR; };
		9A1E74F72E0FC48100E4D059 /* Pendulum-ClockTests.xctest */ = {isa = PBXFileReference; explicitFileType = wrapper.cfbundle; includeInIndex = 0; path = "Pendulum-ClockTests.xctest"; sourceTree = BUILT_PRODUCTS_DIR; };
		9A1E75012E0FC48100E4D059 /* Pendulum-ClockUITests.xctest */ = {isa = PBXFileReference; explicitFileType = wrapper.cfbundle; includeInIndex = 0; path = "Pendulum-ClockUITests.xctest"; sourceTree = BUILT_PRODUCTS_DIR; };
/* End PBXFileReference section */

/* Begin PBXFileSystemSynchronizedRootGroup section */
		9A1E74EC2E0FC47F00E4D059 /* Pendulum-Clock */ = {
			isa = PBXFileSystemSynchronizedRootGroup;
			path = "Pendulum-Clock";
			sourceTree = "<group>";
		};
		9A1E74FA2E0FC48100E4D059 /* Pendulum-ClockTests */ = {
			isa = PBXFileSystemSynchronizedRootGroup;
			path = "Pendulum-ClockTests";
			sourceTree = "<group>";
		};
		9A1E75042E0FC48100E4D059 /* Pendulum-ClockUITests */ = {
			isa = PBXFileSystemSynchronizedRootGroup;
			path = "Pendulum-ClockUITests";
			sourceTree = "<group>";
		};
/* End PBXFileSystemSynchronizedRootGroup section */

/* Begin PBXFrameworksBuildPhase section */
		9A1E74E72E0FC47F00E4D059 /* Frameworks */ = {
			isa = PBXFrameworksBuildPhase;
			buildActionMask = 2147483647;
			files = (
			);
			runOnlyForDeploymentPostprocessing = 0;
		};
		9A1E74F42E0FC48100E4D059 /* Frameworks */ = {
			isa = PBXFrameworksBuildPhase;
			buildActionMask = 2147483647;
			files = (
			);
			runOnlyForDeploymentPostprocessing = 0;
		};
		9A1E74FE2E0FC48100E4D059 /* Frameworks */ = {
			isa = PBXFrameworksBuildPhase;
			buildActionMask = 2147483647;
			files = (
			);
			runOnlyForDeploymentPostprocessing = 0;
		};
/* End PBXFrameworksBuildPhase section */

/* Begin PBXGroup section */
		9A1E74E12E0FC47F00E4D059 = {
			isa = PBXGroup;
			children = (
				9A1E74EC2E0FC47F00E4D059 /* Pendulum-Clock */,
				9A1E74FA2E0FC48100E4D059 /* Pendulum-ClockTests */,
				9A1E75042E0FC48100E4D059 /* Pendulum-ClockUITests */,
				9A1E74EB2E0FC47F00E4D059 /* Products */,
			);
			sourceTree = "<group>";
		};
		9A1E74EB2E0FC47F00E4D059 /* Products */ = {
			isa = PBXGroup;
			children = (
				9A1E74EA2E0FC47F00E4D059 /* Pendulum-Clock.app */,
				9A1E74F72E0FC48100E4D059 /* Pendulum-ClockTests.xctest */,
				9A1E75012E0FC48100E4D059 /* Pendulum-ClockUITests.xctest */,
			);
			name = Products;
			sourceTree = "<group>";
		};
/* End PBXGroup section */

/* Begin PBXNativeTarget section */
		9A1E74E92E0FC47F00E4D059 /* Pendulum-Clock */ = {
			isa = PBXNativeTarget;
			buildConfigurationList = 9A1E750B2E0FC48100E4D059 /* Build configuration list for PBXNativeTarget "Pendulum-Clock" */;
			buildPhases = (
				9A1E74E62E0FC47F00E4D059 /* Sources */,
				9A1E74E72E0FC47F00E4D059 /* Frameworks */,
				9A1E74E82E0FC47F00E4D059 /* Resources */,
			);
			buildRules = (
			);
			dependencies = (
			);
			fileSystemSynchronizedGroups = (
				9A1E74EC2E0FC47F00E4D059 /* Pendulum-Clock */,
			);
			name = "Pendulum-Clock";
			packageProductDependencies = (
			);
			productName = "Pendulum-Clock";
			productReference = 9A1E74EA2E0FC47F00E4D059 /* Pendulum-Clock.app */;
			productType = "com.apple.product-type.application";
		};
		9A1E74F62E0FC48100E4D059 /* Pendulum-ClockTests */ = {
			isa = PBXNativeTarget;
			buildConfigurationList = 9A1E750E2E0FC48100E4D059 /* Build configuration list for PBXNativeTarget "Pendulum-ClockTests" */;
			buildPhases = (
				9A1E74F32E0FC48100E4D059 /* Sources */,
				9A1E74F42E0FC48100E4D059 /* Frameworks */,
				9A1E74F52E0FC48100E4D059 /* Resources */,
			);
			buildRules = (
			);
			dependencies = (
				9A1E74F92E0FC48100E4D059 /* PBXTargetDependency */,
			);
			fileSystemSynchronizedGroups = (
				9A1E74FA2E0FC48100E4D059 /* Pendulum-ClockTests */,
			);
			name = "Pendulum-ClockTests";
			packageProductDependencies = (
			);
			productName = "Pendulum-ClockTests";
			productReference = 9A1E74F72E0FC48100E4D059 /* Pendulum-ClockTests.xctest */;
			productType = "com.apple.product-type.bundle.unit-test";
		};
		9A1E75002E0FC48100E4D059 /* Pendulum-ClockUITests */ = {
			isa = PBXNativeTarget;
			buildConfigurationList = 9A1E75112E0FC48100E4D059 /* Build configuration list for PBXNativeTarget "Pendulum-ClockUITests" */;
			buildPhases = (
				9A1E74FD2E0FC48100E4D059 /* Sources */,
				9A1E74FE2E0FC48100E4D059 /* Frameworks */,
				9A1E74FF2E0FC48100E4D059 /* Resources */,
			);
			buildRules = (
			);
			dependencies = (
				9A1E75032E0FC48100E4D059 /* PBXTargetDependency */,
			);
			fileSystemSynchronizedGroups = (
				9A1E75042E0FC48100E4D059 /* Pendulum-ClockUITests */,
			);
			name = "Pendulum-ClockUITests";
			packageProductDependencies = (
			);
			productName = "Pendulum-ClockUITests";
			productReference = 9A1E75012E0FC48100E4D059 /* Pendulum-ClockUITests.xctest */;
			productType = "com.apple.product-type.bundle.ui-testing";
		};
/* End PBXNativeTarget section */

/* Begin PBXProject section */
		9A1E74E22E0FC47F00E4D059 /* Project object */ = {
			isa = PBXProject;
			attributes = {
				BuildIndependentTargetsInParallel = 1;
				LastSwiftUpdateCheck = 1640;
				LastUpgradeCheck = 1640;
				TargetAttributes = {
					9A1E74E92E0FC47F00E4D059 = {
						CreatedOnToolsVersion = 16.4;
					};
					9A1E74F62E0FC48100E4D059 = {
						CreatedOnToolsVersion = 16.4;
						TestTargetID = 9A1E74E92E0FC47F00E4D059;
					};
					9A1E75002E0FC48100E4D059 = {
						CreatedOnToolsVersion = 16.4;
						TestTargetID = 9A1E74E92E0FC47F00E4D059;
					};
				};
			};
			buildConfigurationList = 9A1E74E52E0FC47F00E4D059 /* Build configuration list for PBXProject "Pendulum-Clock" */;
			developmentRegion = en;
			hasScannedForEncodings = 0;
			knownRegions = (
				en,
				Base,
			);
			mainGroup = 9A1E74E12E0FC47F00E4D059;
			minimizedProjectReferenceProxies = 1;
			preferredProjectObjectVersion = 77;
			productRefGroup = 9A1E74EB2E0FC47F00E4D059 /* Products */;
			projectDirPath = "";
			projectRoot = "";
			targets = (
				9A1E74E92E0FC47F00E4D059 /* Pendulum-Clock */,
				9A1E74F62E0FC48100E4D059 /* Pendulum-ClockTests */,
				9A1E75002E0FC48100E4D059 /* Pendulum-ClockUITests */,
			);
		};
/* End PBXProject section */

/* Begin PBXResourcesBuildPhase section */
		9A1E74E82E0FC47F00E4D059 /* Resources */ = {
			isa = PBXResourcesBuildPhase;
			buildActionMask = 2147483647;
			files = (
			);
			runOnlyForDeploymentPostprocessing = 0;
		};
		9A1E74F52E0FC48100E4D059 /* Resources */ = {
			isa = PBXResourcesBuildPhase;
			buildActionMask = 2147483647;
			files = (
			);
			runOnlyForDeploymentPostprocessing = 0;
		};
		9A1E74FF2E0FC48100E4D059 /* Resources */ = {
			isa = PBXResourcesBuildPhase;
			buildActionMask = 2147483647;
			files = (
			);
			runOnlyForDeploymentPostprocessing = 0;
		};
/* End PBXResourcesBuildPhase section */

/* Begin PBXSourcesBuildPhase section */
		9A1E74E62E0FC47F00E4D059 /* Sources */ = {
			isa = PBXSourcesBuildPhase;
			buildActionMask = 2147483647;
			files = (
			);
			runOnlyForDeploymentPostprocessing = 0;
		};
		9A1E74F32E0FC48100E4D059 /* Sources */ = {
			isa = PBXSourcesBuildPhase;
			buildActionMask = 2147483647;
			files = (
			);
			runOnlyForDeploymentPostprocessing = 0;
		};
		9A1E74FD2E0FC48100E4D059 /* Sources */ = {
			isa = PBXSourcesBuildPhase;
			buildActionMask = 2147483647;
			files = (
			);
			runOnlyForDeploymentPostprocessing = 0;
		};
/* End PBXSourcesBuildPhase section */

/* Begin PBXTargetDependency section */
		9A1E74F92E0FC48100E4D059 /* PBXTargetDependency */ = {
			isa = PBXTargetDependency;
			target = 9A1E74E92E0FC47F00E4D059 /* Pendulum-Clock */;
			targetProxy = 9A1E74F82E0FC48100E4D059 /* PBXContainerItemProxy */;
		};
		9A1E75032E0FC48100E4D059 /* PBXTargetDependency */ = {
			isa = PBXTargetDependency;
			target = 9A1E74E92E0FC47F00E4D059 /* Pendulum-Clock */;
			targetProxy = 9A1E75022E0FC48100E4D059 /* PBXContainerItemProxy */;
		};
/* End PBXTargetDependency section */

/* Begin XCBuildConfiguration section */
		9A1E75092E0FC48100E4D059 /* Debug */ = {
			isa = XCBuildConfiguration;
			buildSettings = {
				ALWAYS_SEARCH_USER_PATHS = NO;
				ASSETCATALOG_COMPILER_GENERATE_SWIFT_ASSET_SYMBOL_EXTENSIONS = YES;
				CLANG_ANALYZER_NONNULL = YES;
				CLANG_ANALYZER_NUMBER_OBJECT_CONVERSION = YES_AGGRESSIVE;
				CLANG_CXX_LANGUAGE_STANDARD = "gnu++20";
				CLANG_ENABLE_MODULES = YES;
				CLANG_ENABLE_OBJC_ARC = YES;
				CLANG_ENABLE_OBJC_WEAK = YES;
				CLANG_WARN_BLOCK_CAPTURE_AUTORELEASING = YES;
				CLANG_WARN_BOOL_CONVERSION = YES;
				CLANG_WARN_COMMA = YES;
				CLANG_WARN_CONSTANT_CONVERSION = YES;
				CLANG_WARN_DEPRECATED_OBJC_IMPLEMENTATIONS = YES;
				CLANG_WARN_DIRECT_OBJC_ISA_USAGE = YES_ERROR;
				CLANG_WARN_DOCUMENTATION_COMMENTS = YES;
				CLANG_WARN_EMPTY_BODY = YES;
				CLANG_WARN_ENUM_CONVERSION = YES;
				CLANG_WARN_INFINITE_RECURSION = YES;
				CLANG_WARN_INT_CONVERSION = YES;
				CLANG_WARN_NON_LITERAL_NULL_CONVERSION = YES;
				CLANG_WARN_OBJC_IMPLICIT_RETAIN_SELF = YES;
				CLANG_WARN_OBJC_LITERAL_CONVERSION = YES;
				CLANG_WARN_OBJC_ROOT_CLASS = YES_ERROR;
				CLANG_WARN_QUOTED_INCLUDE_IN_FRAMEWORK_HEADER = YES;
				CLANG_WARN_RANGE_LOOP_ANALYSIS = YES;
				CLANG_WARN_STRICT_PROTOTYPES = YES;
				CLANG_WARN_SUSPICIOUS_MOVE = YES;
				CLANG_WARN_UNGUARDED_AVAILABILITY = YES_AGGRESSIVE;
				CLANG_WARN_UNREACHABLE_CODE = YES;
				CLANG_WARN__DUPLICATE_METHOD_MATCH = YES;
				COPY_PHASE_STRIP = NO;
				DEBUG_INFORMATION_FORMAT = dwarf;
				DEVELOPMENT_TEAM = 99WD9D6Y46;
				ENABLE_STRICT_OBJC_MSGSEND = YES;
				ENABLE_TESTABILITY = YES;
				ENABLE_USER_SCRIPT_SANDBOXING = YES;
				GCC_C_LANGUAGE_STANDARD = gnu17;
				GCC_DYNAMIC_NO_PIC = NO;
				GCC_NO_COMMON_BLOCKS = YES;
				GCC_OPTIMIZATION_LEVEL = 0;
				GCC_PREPROCESSOR_DEFINITIONS = (
					"DEBUG=1",
					"$(inherited)",
				);
				GCC_WARN_64_TO_32_BIT_CONVERSION = YES;
				GCC_WARN_ABOUT_RETURN_TYPE = YES_ERROR;
				GCC_WARN_UNDECLARED_SELECTOR = YES;
				GCC_WARN_UNINITIALIZED_AUTOS = YES_AGGRESSIVE;
				GCC_WARN_UNUSED_FUNCTION = YES;
				GCC_WARN_UNUSED_VARIABLE = YES;
				IPHONEOS_DEPLOYMENT_TARGET = 18.5;
				LOCALIZATION_PREFERS_STRING_CATALOGS = YES;
				MTL_ENABLE_DEBUG_INFO = INCLUDE_SOURCE;
				MTL_FAST_MATH = YES;
				ONLY_ACTIVE_ARCH = YES;
				SDKROOT = iphoneos;
				SWIFT_ACTIVE_COMPILATION_CONDITIONS = "DEBUG $(inherited)";
				SWIFT_OPTIMIZATION_LEVEL = "-Onone";
			};
			name = Debug;
		};
		9A1E750A2E0FC48100E4D059 /* Release */ = {
			isa = XCBuildConfiguration;
			buildSettings = {
				ALWAYS_SEARCH_USER_PATHS = NO;
				ASSETCATALOG_COMPILER_GENERATE_SWIFT_ASSET_SYMBOL_EXTENSIONS = YES;
				CLANG_ANALYZER_NONNULL = YES;
				CLANG_ANALYZER_NUMBER_OBJECT_CONVERSION = YES_AGGRESSIVE;
				CLANG_CXX_LANGUAGE_STANDARD = "gnu++20";
				CLANG_ENABLE_MODULES = YES;
				CLANG_ENABLE_OBJC_ARC = YES;
				CLANG_ENABLE_OBJC_WEAK = YES;
				CLANG_WARN_BLOCK_CAPTURE_AUTORELEASING = YES;
				CLANG_WARN_BOOL_CONVERSION = YES;
				CLANG_WARN_COMMA = YES;
				CLANG_WARN_CONSTANT_CONVERSION = YES;
				CLANG_WARN_DEPRECATED_OBJC_IMPLEMENTATIONS = YES;
				CLANG_WARN_DIRECT_OBJC_ISA_USAGE = YES_ERROR;
				CLANG_WARN_DOCUMENTATION_COMMENTS = YES;
				CLANG_WARN_EMPTY_BODY = YES;
				CLANG_WARN_ENUM_CONVERSION = YES;
				CLANG_WARN_INFINITE_RECURSION = YES;
				CLANG_WARN_INT_CONVERSION = YES;
				CLANG_WARN_NON_LITERAL_NULL_CONVERSION = YES;
				CLANG_WARN_OBJC_IMPLICIT_RETAIN_SELF = YES;
				CLANG_WARN_OBJC_LITERAL_CONVERSION = YES;
				CLANG_WARN_OBJC_ROOT_CLASS = YES_ERROR;
				CLANG_WARN_QUOTED_INCLUDE_IN_FRAMEWORK_HEADER = YES;
				CLANG_WARN_RANGE_LOOP_ANALYSIS = YES;
				CLANG_WARN_STRICT_PROTOTYPES = YES;
				CLANG_WARN_SUSPICIOUS_MOVE = YES;
				CLANG_WARN_UNGUARDED_AVAILABILITY = YES_AGGRESSIVE;
				CLANG_WARN_UNREACHABLE_CODE = YES;
				CLANG_WARN__DUPLICATE_METHOD_MATCH = YES;
				COPY_PHASE_STRIP = NO;
				DEBUG_INFORMATION_FORMAT = "dwarf-with-dsym";
				DEVELOPMENT_TEAM = 99WD9D6Y46;
				ENABLE_NS_ASSERTIONS = NO;
				ENABLE_STRICT_OBJC_MSGSEND = YES;
				ENABLE_USER_SCRIPT_SANDBOXING = YES;
				GCC_C_LANGUAGE_STANDARD = gnu17;
				GCC_NO_COMMON_BLOCKS = YES;
				GCC_WARN_64_TO_32_BIT_CONVERSION = YES;
				GCC_WARN_ABOUT_RETURN_TYPE = YES_ERROR;
				GCC_WARN_UNDECLARED_SELECTOR = YES;
				GCC_WARN_UNINITIALIZED_AUTOS = YES_AGGRESSIVE;
				GCC_WARN_UNUSED_FUNCTION = YES;
				GCC_WARN_UNUSED_VARIABLE = YES;
				IPHONEOS_DEPLOYMENT_TARGET = 18.5;
				LOCALIZATION_PREFERS_STRING_CATALOGS = YES;
				MTL_ENABLE_DEBUG_INFO = NO;
				MTL_FAST_MATH = YES;
				SDKROOT = iphoneos;
				SWIFT_COMPILATION_MODE = wholemodule;
				VALIDATE_PRODUCT = YES;
			};
			name = Release;
		};
		9A1E750C2E0FC48100E4D059 /* Debug */ = {
			isa = XCBuildConfiguration;
			buildSettings = {
				ASSETCATALOG_COMPILER_APPICON_NAME = AppIcon;
				ASSETCATALOG_COMPILER_GLOBAL_ACCENT_COLOR_NAME = AccentColor;
				CODE_SIGN_STYLE = Automatic;
				CURRENT_PROJECT_VERSION = 1;
				DEVELOPMENT_TEAM = 99WD9D6Y46;
				ENABLE_PREVIEWS = YES;
				GENERATE_INFOPLIST_FILE = YES;
				INFOPLIST_KEY_UIApplicationSceneManifest_Generation = YES;
				INFOPLIST_KEY_UIApplicationSupportsIndirectInputEvents = YES;
				INFOPLIST_KEY_UILaunchScreen_Generation = YES;
				INFOPLIST_KEY_UISupportedInterfaceOrientations_iPad = "UIInterfaceOrientationPortrait UIInterfaceOrientationPortraitUpsideDown UIInterfaceOrientationLandscapeLeft UIInterfaceOrientationLandscapeRight";
				INFOPLIST_KEY_UISupportedInterfaceOrientations_iPhone = "UIInterfaceOrientationPortrait UIInterfaceOrientationLandscapeLeft UIInterfaceOrientationLandscapeRight";
				LD_RUNPATH_SEARCH_PATHS = (
					"$(inherited)",
					"@executable_path/Frameworks",
				);
				MARKETING_VERSION = 1.0;
				PRODUCT_BUNDLE_IDENTIFIER = "tech.CongLeSolutionX.Pendulum-Clock";
				PRODUCT_NAME = "$(TARGET_NAME)";
				SWIFT_EMIT_LOC_STRINGS = YES;
				SWIFT_VERSION = 5.0;
				TARGETED_DEVICE_FAMILY = "1,2";
			};
			name = Debug;
		};
		9A1E750D2E0FC48100E4D059 /* Release */ = {
			isa = XCBuildConfiguration;
			buildSettings = {
				ASSETCATALOG_COMPILER_APPICON_NAME = AppIcon;
				ASSETCATALOG_COMPILER_GLOBAL_ACCENT_COLOR_NAME = AccentColor;
				CODE_SIGN_STYLE = Automatic;
				CURRENT_PROJECT_VERSION = 1;
				DEVELOPMENT_TEAM = 99WD9D6Y46;
				ENABLE_PREVIEWS = YES;
				GENERATE_INFOPLIST_FILE = YES;
				INFOPLIST_KEY_UIApplicationSceneManifest_Generation = YES;
				INFOPLIST_KEY_UIApplicationSupportsIndirectInputEvents = YES;
				INFOPLIST_KEY_UILaunchScreen_Generation = YES;
				INFOPLIST_KEY_UISupportedInterfaceOrientations_iPad = "UIInterfaceOrientationPortrait UIInterfaceOrientationPortraitUpsideDown UIInterfaceOrientationLandscapeLeft UIInterfaceOrientationLandscapeRight";
				INFOPLIST_KEY_UISupportedInterfaceOrientations_iPhone = "UIInterfaceOrientationPortrait UIInterfaceOrientationLandscapeLeft UIInterfaceOrientationLandscapeRight";
				LD_RUNPATH_SEARCH_PATHS = (
					"$(inherited)",
					"@executable_path/Frameworks",
				);
				MARKETING_VERSION = 1.0;
				PRODUCT_BUNDLE_IDENTIFIER = "tech.CongLeSolutionX.Pendulum-Clock";
				PRODUCT_NAME = "$(TARGET_NAME)";
				SWIFT_EMIT_LOC_STRINGS = YES;
				SWIFT_VERSION = 5.0;
				TARGETED_DEVICE_FAMILY = "1,2";
			};
			name = Release;
		};
		9A1E750F2E0FC48100E4D059 /* Debug */ = {
			isa = XCBuildConfiguration;
			buildSettings = {
				BUNDLE_LOADER = "$(TEST_HOST)";
				CODE_SIGN_STYLE = Automatic;
				CURRENT_PROJECT_VERSION = 1;
				DEVELOPMENT_TEAM = 99WD9D6Y46;
				GENERATE_INFOPLIST_FILE = YES;
				IPHONEOS_DEPLOYMENT_TARGET = 18.5;
				MARKETING_VERSION = 1.0;
				PRODUCT_BUNDLE_IDENTIFIER = "tech.CongLeSolutionX.Pendulum-ClockTests";
				PRODUCT_NAME = "$(TARGET_NAME)";
				SWIFT_EMIT_LOC_STRINGS = NO;
				SWIFT_VERSION = 5.0;
				TARGETED_DEVICE_FAMILY = "1,2";
				TEST_HOST = "$(BUILT_PRODUCTS_DIR)/Pendulum-Clock.app/$(BUNDLE_EXECUTABLE_FOLDER_PATH)/Pendulum-Clock";
			};
			name = Debug;
		};
		9A1E75102E0FC48100E4D059 /* Release */ = {
			isa = XCBuildConfiguration;
			buildSettings = {
				BUNDLE_LOADER = "$(TEST_HOST)";
				CODE_SIGN_STYLE = Automatic;
				CURRENT_PROJECT_VERSION = 1;
				DEVELOPMENT_TEAM = 99WD9D6Y46;
				GENERATE_INFOPLIST_FILE = YES;
				IPHONEOS_DEPLOYMENT_TARGET = 18.5;
				MARKETING_VERSION = 1.0;
				PRODUCT_BUNDLE_IDENTIFIER = "tech.CongLeSolutionX.Pendulum-ClockTests";
				PRODUCT_NAME = "$(TARGET_NAME)";
				SWIFT_EMIT_LOC_STRINGS = NO;
				SWIFT_VERSION = 5.0;
				TARGETED_DEVICE_FAMILY = "1,2";
				TEST_HOST = "$(BUILT_PRODUCTS_DIR)/Pendulum-Clock.app/$(BUNDLE_EXECUTABLE_FOLDER_PATH)/Pendulum-Clock";
			};
			name = Release;
		};
		9A1E75122E0FC48100E4D059 /* Debug */ = {
			isa = XCBuildConfiguration;
			buildSettings = {
				CODE_SIGN_STYLE = Automatic;
				CURRENT_PROJECT_VERSION = 1;
				DEVELOPMENT_TEAM = 99WD9D6Y46;
				GENERATE_INFOPLIST_FILE = YES;
				MARKETING_VERSION = 1.0;
				PRODUCT_BUNDLE_IDENTIFIER = "tech.CongLeSolutionX.Pendulum-ClockUITests";
				PRODUCT_NAME = "$(TARGET_NAME)";
				SWIFT_EMIT_LOC_STRINGS = NO;
				SWIFT_VERSION = 5.0;
				TARGETED_DEVICE_FAMILY = "1,2";
				TEST_TARGET_NAME = "Pendulum-Clock";
			};
			name = Debug;
		};
		9A1E75132E0FC48100E4D059 /* Release */ = {
			isa = XCBuildConfiguration;
			buildSettings = {
				CODE_SIGN_STYLE = Automatic;
				CURRENT_PROJECT_VERSION = 1;
				DEVELOPMENT_TEAM = 99WD9D6Y46;
				GENERATE_INFOPLIST_FILE = YES;
				MARKETING_VERSION = 1.0;
				PRODUCT_BUNDLE_IDENTIFIER = "tech.CongLeSolutionX.Pendulum-ClockUITests";
				PRODUCT_NAME = "$(TARGET_NAME)";
				SWIFT_EMIT_LOC_STRINGS = NO;
				SWIFT_VERSION = 5.0;
				TARGETED_DEVICE_FAMILY = "1,2";
				TEST_TARGET_NAME = "Pendulum-Clock";
			};
			name = Release;
		};
/* End XCBuildConfiguration section */

/* Begin XCConfigurationList section */
		9A1E74E52E0FC47F00E4D059 /* Build configuration list for PBXProject "Pendulum-Clock" */ = {
			isa = XCConfigurationList;
			buildConfigurations = (
				9A1E75092E0FC48100E4D059 /* Debug */,
				9A1E750A2E0FC48100E4D059 /* Release */,
			);
			defaultConfigurationIsVisible = 0;
			defaultConfigurationName = Release;
		};
		9A1E750B2E0FC48100E4D059 /* Build configuration list for PBXNativeTarget "Pendulum-Clock" */ = {
			isa = XCConfigurationList;
			buildConfigurations = (
				9A1E750C2E0FC48100E4D059 /* Debug */,
				9A1E750D2E0FC48100E4D059 /* Release */,
			);
			defaultConfigurationIsVisible = 0;
			defaultConfigurationName = Release;
		};
		9A1E750E2E0FC48100E4D059 /* Build configuration list for PBXNativeTarget "Pendulum-ClockTests" */ = {
			isa = XCConfigurationList;
			buildConfigurations = (
				9A1E750F2E0FC48100E4D059 /* Debug */,
				9A1E75102E0FC48100E4D059 /* Release */,
			);
			defaultConfigurationIsVisible = 0;
			defaultConfigurationName = Release;
		};
		9A1E75112E0FC48100E4D059 /* Build configuration list for PBXNativeTarget "Pendulum-ClockUITests" */ = {
			isa = XCConfigurationList;
			buildConfigurations = (
				9A1E75122E0FC48100E4D059 /* Debug */,
				9A1E75132E0FC48100E4D059 /* Release */,
			);
			defaultConfigurationIsVisible = 0;
			defaultConfigurationName = Release;
		};
/* End XCConfigurationList section */
	};
	rootObject = 9A1E74E22E0FC47F00E4D059 /* Project object */;
}
